<?xml version="1.0" encoding="utf-8"?>
<Project ToolsVersion="4.0" xmlns="http://schemas.microsoft.com/developer/msbuild/2003">
  <ItemGroup>
    <ClInclude Include="Xtherapy.h">
      <Filter>Classes</Filter>
    </ClInclude>
    <ClInclude Include="Utherapy.h">
      <Filter>Classes</Filter>
    </ClInclude>
    <ClInclude Include="UltrasoundDevice.h">
      <Filter>Classes</Filter>
    </ClInclude>
    <ClInclude Include="Treatment.h">
      <Filter>Classes</Filter>
    </ClInclude>
    <ClInclude Include="GymRoom.h">
      <Filter>Classes</Filter>
    </ClInclude>
    <ClInclude Include="ETheraby.h">
      <Filter>Classes</Filter>
    </ClInclude>
    <ClInclude Include="ElectrotherapyDevice.h">
      <Filter>Classes</Filter>
    </ClInclude>
    <ClInclude Include="Early_PriQueue.h">
      <Filter>DS</Filter>
    </ClInclude>
    <ClInclude Include="ArrayStack.h">
      <Filter>DS</Filter>
    </ClInclude>
    <ClInclude Include="Patient2.h">
      <Filter>Classes</Filter>
    </ClInclude>
    <ClInclude Include="UI.h">
      <Filter>Classes</Filter>
    </ClInclude>
  </ItemGroup>
  <ItemGroup>
    <ClCompile Include="main.cpp" />
    <ClCompile Include="priQueue.h">
      <Filter>DS</Filter>
    </ClCompile>
    <ClCompile Include="X_Queue.h">
      <Filter>DS</Filter>
    </ClCompile>
    <ClCompile Include="UltrasoundDevice.cpp">
      <Filter>Classes</Filter>
    </ClCompile>
    <ClCompile Include="Treatment.cpp">
      <Filter>Classes</Filter>
    </ClCompile>
    <ClCompile Include="ElectrotherapyDevice.cpp">
      <Filter>Classes</Filter>
    </ClCompile>
    <ClCompile Include="GymRoom.cpp">
      <Filter>Classes</Filter>
    </ClCompile>
    <ClCompile Include="Resource.cpp">
      <Filter>Classes</Filter>
    </ClCompile>
    <ClCompile Include="Scheduler.cpp">
      <Filter>Classes</Filter>
    </ClCompile>
    <ClCompile Include="Xtherapy.cpp">
      <Filter>Classes</Filter>
    </ClCompile>
    <ClCompile Include="Utherapy.cpp">
      <Filter>Classes</Filter>
    </ClCompile>
    <ClCompile Include="UltrasoundDevice.cpp">
      <Filter>Classes</Filter>
    </ClCompile>
    <ClCompile Include="Scheduler.cpp">
      <Filter>Classes</Filter>
    </ClCompile>
    <ClCompile Include="Treatment.cpp">
      <Filter>Classes</Filter>
    </ClCompile>
    <ClCompile Include="Resource.cpp">
      <Filter>Classes</Filter>
    </ClCompile>
    <ClCompile Include="GymRoom.cpp">
      <Filter>Classes</Filter>
    </ClCompile>
    <ClCompile Include="ElectrotherapyDevice.cpp">
      <Filter>Classes</Filter>
    </ClCompile>
    <ClCompile Include="ETheraby.cpp">
      <Filter>Classes</Filter>
    </ClCompile>
    <ClCompile Include="X_Queue.h">
      <Filter>DS</Filter>
    </ClCompile>
    <ClCompile Include="priQueue.h">
      <Filter>DS</Filter>
    </ClCompile>
    <ClCompile Include="Patient2.cpp">
      <Filter>Classes</Filter>
    </ClCompile>
    <ClCompile Include="UI.cpp">
      <Filter>Classes</Filter>
    </ClCompile>
    <ClCompile Include="main.cpp" />
  </ItemGroup>
  <ItemGroup>
    <ClInclude Include="ArrayStack.h">
      <Filter>DS</Filter>
    </ClInclude>
    <ClInclude Include="Early_PriQueue.h">
      <Filter>DS</Filter>
    </ClInclude>
    <ClInclude Include="priNode.h">
      <Filter>DS</Filter>
    </ClInclude>
    <ClInclude Include="QueueADT.h">
      <Filter>DS</Filter>
    </ClInclude>
    <ClInclude Include="StackADT.h">
      <Filter>DS</Filter>
    </ClInclude>
    <ClInclude Include="SortedQueue.h">
      <Filter>DS</Filter>
    </ClInclude>
    <ClInclude Include="Node.h">
      <Filter>DS</Filter>
    </ClInclude>
    <ClInclude Include="UltrasoundDevice.h">
      <Filter>Classes</Filter>
    </ClInclude>
    <ClInclude Include="Treatment.h">
      <Filter>Classes</Filter>
    </ClInclude>
    <ClInclude Include="ElectrotherapyDevice.h">
      <Filter>Classes</Filter>
    </ClInclude>
    <ClInclude Include="GymRoom.h">
      <Filter>Classes</Filter>
    </ClInclude>
    <ClInclude Include="Resource.h">
      <Filter>Classes</Filter>
    </ClInclude>
    <ClInclude Include="Scheduler.h">
      <Filter>Classes</Filter>
    </ClInclude>
    <ClInclude Include="LinkedQueue.h">
      <Filter>DS</Filter>
    </ClInclude>
  </ItemGroup>
  <ItemGroup>
    <Filter Include="DS">
      <UniqueIdentifier>{180b655a-6985-47c2-9315-6634d558e304}</UniqueIdentifier>
    </Filter>
    <Filter Include="Classes">
      <UniqueIdentifier>{1e2e52b4-4be0-485e-9ff2-316fe1b44472}</UniqueIdentifier>
    </Filter>
  </ItemGroup>
  <ItemGroup>
    <Text Include="in.txt">
      <Filter>Classes</Filter>
    </Text>
  </ItemGroup>
</Project>